
Microsoft Visual Studio Solution File, Format Version 12.00
Project("{F2A71F9B-5D33-465A-A702-920D77279786}") = "Baldrian", "Baldrian\Baldrian.fsproj", "{982D4BB2-8083-4159-A1DC-B9D23FF5C11E}"
EndProject
Global
	GlobalSection(SolutionConfigurationPlatforms) = preSolution
		Debug|Any CPU = Debug|Any CPU
		Release|Any CPU = Release|Any CPU
	EndGlobalSection
	GlobalSection(ProjectConfigurationPlatforms) = postSolution
		{982D4BB2-8083-4159-A1DC-B9D23FF5C11E}.Debug|Any CPU.ActiveCfg = Debug|Any CPU
		{982D4BB2-8083-4159-A1DC-B9D23FF5C11E}.Debug|Any CPU.Build.0 = Debug|Any CPU
		{982D4BB2-8083-4159-A1DC-B9D23FF5C11E}.Release|Any CPU.ActiveCfg = Release|Any CPU
		{982D4BB2-8083-4159-A1DC-B9D23FF5C11E}.Release|Any CPU.Build.0 = Release|Any CPU
	EndGlobalSection
EndGlobal
